// !$*UTF8*$!
{
	archiveVersion = 1;
	classes = {
	};
	objectVersion = 46;
	objects = {

/* Begin PBXBuildFile section */
		1F77513F4217E99487A4FEC5 /* Pods_WeatherTests.framework in Frameworks */ = {isa = PBXBuildFile; fileRef = 2370E7CCE9D21D22E4388C4F /* Pods_WeatherTests.framework */; };
		401D8942A93C5E02B61C7DBF /* Pods_Weather.framework in Frameworks */ = {isa = PBXBuildFile; fileRef = CB864EE8358E00EF3057D7F1 /* Pods_Weather.framework */; };
		890D3E904F5A6DF959B5D541 /* Pods_WeatherUITests.framework in Frameworks */ = {isa = PBXBuildFile; fileRef = 69155ABC96548B88A722BC64 /* Pods_WeatherUITests.framework */; };
		92289B941E7214C4003FF1E3 /* AppDelegate.swift in Sources */ = {isa = PBXBuildFile; fileRef = 92289B931E7214C4003FF1E3 /* AppDelegate.swift */; };
		92289B961E7214C4003FF1E3 /* ViewController.swift in Sources */ = {isa = PBXBuildFile; fileRef = 92289B951E7214C4003FF1E3 /* ViewController.swift */; };
		92289B991E7214C5003FF1E3 /* Main.storyboard in Resources */ = {isa = PBXBuildFile; fileRef = 92289B971E7214C4003FF1E3 /* Main.storyboard */; };
		92289B9B1E7214C5003FF1E3 /* Assets.xcassets in Resources */ = {isa = PBXBuildFile; fileRef = 92289B9A1E7214C5003FF1E3 /* Assets.xcassets */; };
		92289B9E1E7214C5003FF1E3 /* LaunchScreen.storyboard in Resources */ = {isa = PBXBuildFile; fileRef = 92289B9C1E7214C5003FF1E3 /* LaunchScreen.storyboard */; };
		92289BA91E7214C5003FF1E3 /* WeatherTests.swift in Sources */ = {isa = PBXBuildFile; fileRef = 92289BA81E7214C5003FF1E3 /* WeatherTests.swift */; };
		92289BB41E7214C5003FF1E3 /* WeatherUITests.swift in Sources */ = {isa = PBXBuildFile; fileRef = 92289BB31E7214C5003FF1E3 /* WeatherUITests.swift */; };
		92289BC21E721613003FF1E3 /* Place.swift in Sources */ = {isa = PBXBuildFile; fileRef = 92289BC11E721613003FF1E3 /* Place.swift */; };
		92289BC41E72162E003FF1E3 /* PlaceLoader.swift in Sources */ = {isa = PBXBuildFile; fileRef = 92289BC31E72162E003FF1E3 /* PlaceLoader.swift */; };
/* End PBXBuildFile section */

/* Begin PBXContainerItemProxy section */
		92289BA51E7214C5003FF1E3 /* PBXContainerItemProxy */ = {
			isa = PBXContainerItemProxy;
			containerPortal = 92289B881E7214C4003FF1E3 /* Project object */;
			proxyType = 1;
			remoteGlobalIDString = 92289B8F1E7214C4003FF1E3;
			remoteInfo = Weather;
		};
		92289BB01E7214C5003FF1E3 /* PBXContainerItemProxy */ = {
			isa = PBXContainerItemProxy;
			containerPortal = 92289B881E7214C4003FF1E3 /* Project object */;
			proxyType = 1;
			remoteGlobalIDString = 92289B8F1E7214C4003FF1E3;
			remoteInfo = Weather;
		};
/* End PBXContainerItemProxy section */

/* Begin PBXFileReference section */
		07E9E9FD6BF3C63824219CEE /* Pods-WeatherUITests.release.xcconfig */ = {isa = PBXFileReference; includeInIndex = 1; lastKnownFileType = text.xcconfig; name = "Pods-WeatherUITests.release.xcconfig"; path = "Pods/Target Support Files/Pods-WeatherUITests/Pods-WeatherUITests.release.xcconfig"; sourceTree = "<group>"; };
		2174606817C5B03D1E978FE6 /* Pods-Weather.debug.xcconfig */ = {isa = PBXFileReference; includeInIndex = 1; lastKnownFileType = text.xcconfig; name = "Pods-Weather.debug.xcconfig"; path = "Pods/Target Support Files/Pods-Weather/Pods-Weather.debug.xcconfig"; sourceTree = "<group>"; };
		2370E7CCE9D21D22E4388C4F /* Pods_WeatherTests.framework */ = {isa = PBXFileReference; explicitFileType = wrapper.framework; includeInIndex = 0; path = Pods_WeatherTests.framework; sourceTree = BUILT_PRODUCTS_DIR; };
		33547B5E994386AECC765521 /* Pods-WeatherUITests.debug.xcconfig */ = {isa = PBXFileReference; includeInIndex = 1; lastKnownFileType = text.xcconfig; name = "Pods-WeatherUITests.debug.xcconfig"; path = "Pods/Target Support Files/Pods-WeatherUITests/Pods-WeatherUITests.debug.xcconfig"; sourceTree = "<group>"; };
		471D2A880107110F9D041787 /* Pods-Weather.release.xcconfig */ = {isa = PBXFileReference; includeInIndex = 1; lastKnownFileType = text.xcconfig; name = "Pods-Weather.release.xcconfig"; path = "Pods/Target Support Files/Pods-Weather/Pods-Weather.release.xcconfig"; sourceTree = "<group>"; };
		629BF0838F02229554506F85 /* Pods-WeatherTests.debug.xcconfig */ = {isa = PBXFileReference; includeInIndex = 1; lastKnownFileType = text.xcconfig; name = "Pods-WeatherTests.debug.xcconfig"; path = "Pods/Target Support Files/Pods-WeatherTests/Pods-WeatherTests.debug.xcconfig"; sourceTree = "<group>"; };
		69155ABC96548B88A722BC64 /* Pods_WeatherUITests.framework */ = {isa = PBXFileReference; explicitFileType = wrapper.framework; includeInIndex = 0; path = Pods_WeatherUITests.framework; sourceTree = BUILT_PRODUCTS_DIR; };
		92289B901E7214C4003FF1E3 /* Weather.app */ = {isa = PBXFileReference; explicitFileType = wrapper.application; includeInIndex = 0; path = Weather.app; sourceTree = BUILT_PRODUCTS_DIR; };
		92289B931E7214C4003FF1E3 /* AppDelegate.swift */ = {isa = PBXFileReference; lastKnownFileType = sourcecode.swift; path = AppDelegate.swift; sourceTree = "<group>"; };
		92289B951E7214C4003FF1E3 /* ViewController.swift */ = {isa = PBXFileReference; lastKnownFileType = sourcecode.swift; path = ViewController.swift; sourceTree = "<group>"; };
		92289B981E7214C4003FF1E3 /* Base */ = {isa = PBXFileReference; lastKnownFileType = file.storyboard; name = Base; path = Base.lproj/Main.storyboard; sourceTree = "<group>"; };
		92289B9A1E7214C5003FF1E3 /* Assets.xcassets */ = {isa = PBXFileReference; lastKnownFileType = folder.assetcatalog; path = Assets.xcassets; sourceTree = "<group>"; };
		92289B9D1E7214C5003FF1E3 /* Base */ = {isa = PBXFileReference; lastKnownFileType = file.storyboard; name = Base; path = Base.lproj/LaunchScreen.storyboard; sourceTree = "<group>"; };
		92289B9F1E7214C5003FF1E3 /* Info.plist */ = {isa = PBXFileReference; lastKnownFileType = text.plist.xml; path = Info.plist; sourceTree = "<group>"; };
		92289BA41E7214C5003FF1E3 /* WeatherTests.xctest */ = {isa = PBXFileReference; explicitFileType = wrapper.cfbundle; includeInIndex = 0; path = WeatherTests.xctest; sourceTree = BUILT_PRODUCTS_DIR; };
		92289BA81E7214C5003FF1E3 /* WeatherTests.swift */ = {isa = PBXFileReference; lastKnownFileType = sourcecode.swift; path = WeatherTests.swift; sourceTree = "<group>"; };
		92289BAA1E7214C5003FF1E3 /* Info.plist */ = {isa = PBXFileReference; lastKnownFileType = text.plist.xml; path = Info.plist; sourceTree = "<group>"; };
		92289BAF1E7214C5003FF1E3 /* WeatherUITests.xctest */ = {isa = PBXFileReference; explicitFileType = wrapper.cfbundle; includeInIndex = 0; path = WeatherUITests.xctest; sourceTree = BUILT_PRODUCTS_DIR; };
		92289BB31E7214C5003FF1E3 /* WeatherUITests.swift */ = {isa = PBXFileReference; lastKnownFileType = sourcecode.swift; path = WeatherUITests.swift; sourceTree = "<group>"; };
		92289BB51E7214C5003FF1E3 /* Info.plist */ = {isa = PBXFileReference; lastKnownFileType = text.plist.xml; path = Info.plist; sourceTree = "<group>"; };
		92289BC11E721613003FF1E3 /* Place.swift */ = {isa = PBXFileReference; fileEncoding = 4; lastKnownFileType = sourcecode.swift; path = Place.swift; sourceTree = "<group>"; };
		92289BC31E72162E003FF1E3 /* PlaceLoader.swift */ = {isa = PBXFileReference; fileEncoding = 4; lastKnownFileType = sourcecode.swift; path = PlaceLoader.swift; sourceTree = "<group>"; };
		CB864EE8358E00EF3057D7F1 /* Pods_Weather.framework */ = {isa = PBXFileReference; explicitFileType = wrapper.framework; includeInIndex = 0; path = Pods_Weather.framework; sourceTree = BUILT_PRODUCTS_DIR; };
		D591AE33804C31D982DF97C4 /* Pods-WeatherTests.release.xcconfig */ = {isa = PBXFileReference; includeInIndex = 1; lastKnownFileType = text.xcconfig; name = "Pods-WeatherTests.release.xcconfig"; path = "Pods/Target Support Files/Pods-WeatherTests/Pods-WeatherTests.release.xcconfig"; sourceTree = "<group>"; };
/* End PBXFileReference section */

/* Begin PBXFrameworksBuildPhase section */
		92289B8D1E7214C4003FF1E3 /* Frameworks */ = {
			isa = PBXFrameworksBuildPhase;
			buildActionMask = 2147483647;
			files = (
				401D8942A93C5E02B61C7DBF /* Pods_Weather.framework in Frameworks */,
			);
			runOnlyForDeploymentPostprocessing = 0;
		};
		92289BA11E7214C5003FF1E3 /* Frameworks */ = {
			isa = PBXFrameworksBuildPhase;
			buildActionMask = 2147483647;
			files = (
				1F77513F4217E99487A4FEC5 /* Pods_WeatherTests.framework in Frameworks */,
			);
			runOnlyForDeploymentPostprocessing = 0;
		};
		92289BAC1E7214C5003FF1E3 /* Frameworks */ = {
			isa = PBXFrameworksBuildPhase;
			buildActionMask = 2147483647;
			files = (
				890D3E904F5A6DF959B5D541 /* Pods_WeatherUITests.framework in Frameworks */,
			);
			runOnlyForDeploymentPostprocessing = 0;
		};
/* End PBXFrameworksBuildPhase section */

/* Begin PBXGroup section */
		1E29760684D989640DE04241 /* Pods */ = {
			isa = PBXGroup;
			children = (
				2174606817C5B03D1E978FE6 /* Pods-Weather.debug.xcconfig */,
				471D2A880107110F9D041787 /* Pods-Weather.release.xcconfig */,
				629BF0838F02229554506F85 /* Pods-WeatherTests.debug.xcconfig */,
				D591AE33804C31D982DF97C4 /* Pods-WeatherTests.release.xcconfig */,
				33547B5E994386AECC765521 /* Pods-WeatherUITests.debug.xcconfig */,
				07E9E9FD6BF3C63824219CEE /* Pods-WeatherUITests.release.xcconfig */,
			);
			name = Pods;
			sourceTree = "<group>";
		};
		92289B871E7214C4003FF1E3 = {
			isa = PBXGroup;
			children = (
				92289B921E7214C4003FF1E3 /* Weather */,
				92289BA71E7214C5003FF1E3 /* WeatherTests */,
				92289BB21E7214C5003FF1E3 /* WeatherUITests */,
				92289B911E7214C4003FF1E3 /* Products */,
				1E29760684D989640DE04241 /* Pods */,
				A34F5EA679CA15404B4D82B5 /* Frameworks */,
			);
			sourceTree = "<group>";
		};
		92289B911E7214C4003FF1E3 /* Products */ = {
			isa = PBXGroup;
			children = (
				92289B901E7214C4003FF1E3 /* Weather.app */,
				92289BA41E7214C5003FF1E3 /* WeatherTests.xctest */,
				92289BAF1E7214C5003FF1E3 /* WeatherUITests.xctest */,
			);
			name = Products;
			sourceTree = "<group>";
		};
		92289B921E7214C4003FF1E3 /* Weather */ = {
			isa = PBXGroup;
			children = (
				92289B931E7214C4003FF1E3 /* AppDelegate.swift */,
				92289B951E7214C4003FF1E3 /* ViewController.swift */,
				92289BC11E721613003FF1E3 /* Place.swift */,
				92289BC31E72162E003FF1E3 /* PlaceLoader.swift */,
				92289B971E7214C4003FF1E3 /* Main.storyboard */,
				92289B9A1E7214C5003FF1E3 /* Assets.xcassets */,
				92289B9C1E7214C5003FF1E3 /* LaunchScreen.storyboard */,
				92289B9F1E7214C5003FF1E3 /* Info.plist */,
			);
			path = Weather;
			sourceTree = "<group>";
		};
		92289BA71E7214C5003FF1E3 /* WeatherTests */ = {
			isa = PBXGroup;
			children = (
				92289BA81E7214C5003FF1E3 /* WeatherTests.swift */,
				92289BAA1E7214C5003FF1E3 /* Info.plist */,
			);
			path = WeatherTests;
			sourceTree = "<group>";
		};
		92289BB21E7214C5003FF1E3 /* WeatherUITests */ = {
			isa = PBXGroup;
			children = (
				92289BB31E7214C5003FF1E3 /* WeatherUITests.swift */,
				92289BB51E7214C5003FF1E3 /* Info.plist */,
			);
			path = WeatherUITests;
			sourceTree = "<group>";
		};
		A34F5EA679CA15404B4D82B5 /* Frameworks */ = {
			isa = PBXGroup;
			children = (
				CB864EE8358E00EF3057D7F1 /* Pods_Weather.framework */,
				2370E7CCE9D21D22E4388C4F /* Pods_WeatherTests.framework */,
				69155ABC96548B88A722BC64 /* Pods_WeatherUITests.framework */,
			);
			name = Frameworks;
			sourceTree = "<group>";
		};
/* End PBXGroup section */

/* Begin PBXNativeTarget section */
		92289B8F1E7214C4003FF1E3 /* Weather */ = {
			isa = PBXNativeTarget;
			buildConfigurationList = 92289BB81E7214C5003FF1E3 /* Build configuration list for PBXNativeTarget "Weather" */;
			buildPhases = (
				05F7676863C17EADB8807932 /* [CP] Check Pods Manifest.lock */,
				92289B8C1E7214C4003FF1E3 /* Sources */,
				92289B8D1E7214C4003FF1E3 /* Frameworks */,
				92289B8E1E7214C4003FF1E3 /* Resources */,
				D65D302530EAEDF4BF985C70 /* [CP] Embed Pods Frameworks */,
				36C3494DDE3BBB8FBEAE6113 /* [CP] Copy Pods Resources */,
			);
			buildRules = (
			);
			dependencies = (
			);
			name = Weather;
			productName = Weather;
			productReference = 92289B901E7214C4003FF1E3 /* Weather.app */;
			productType = "com.apple.product-type.application";
		};
		92289BA31E7214C5003FF1E3 /* WeatherTests */ = {
			isa = PBXNativeTarget;
			buildConfigurationList = 92289BBB1E7214C5003FF1E3 /* Build configuration list for PBXNativeTarget "WeatherTests" */;
			buildPhases = (
				35B1BF6E160D0510BCA318AA /* [CP] Check Pods Manifest.lock */,
				92289BA01E7214C5003FF1E3 /* Sources */,
				92289BA11E7214C5003FF1E3 /* Frameworks */,
				92289BA21E7214C5003FF1E3 /* Resources */,
				23CA5BDEB925A220F58A9EC5 /* [CP] Embed Pods Frameworks */,
				268C8DB9A488E019B4DAEE43 /* [CP] Copy Pods Resources */,
			);
			buildRules = (
			);
			dependencies = (
				92289BA61E7214C5003FF1E3 /* PBXTargetDependency */,
			);
			name = WeatherTests;
			productName = WeatherTests;
			productReference = 92289BA41E7214C5003FF1E3 /* WeatherTests.xctest */;
			productType = "com.apple.product-type.bundle.unit-test";
		};
		92289BAE1E7214C5003FF1E3 /* WeatherUITests */ = {
			isa = PBXNativeTarget;
			buildConfigurationList = 92289BBE1E7214C5003FF1E3 /* Build configuration list for PBXNativeTarget "WeatherUITests" */;
			buildPhases = (
				11DA91EDEB2523755916194F /* [CP] Check Pods Manifest.lock */,
				92289BAB1E7214C5003FF1E3 /* Sources */,
				92289BAC1E7214C5003FF1E3 /* Frameworks */,
				92289BAD1E7214C5003FF1E3 /* Resources */,
				B2969921A249B40AAB0BFC34 /* [CP] Embed Pods Frameworks */,
				6E7A6422D43D9B0D25ABC82F /* [CP] Copy Pods Resources */,
			);
			buildRules = (
			);
			dependencies = (
				92289BB11E7214C5003FF1E3 /* PBXTargetDependency */,
			);
			name = WeatherUITests;
			productName = WeatherUITests;
			productReference = 92289BAF1E7214C5003FF1E3 /* WeatherUITests.xctest */;
			productType = "com.apple.product-type.bundle.ui-testing";
		};
/* End PBXNativeTarget section */

/* Begin PBXProject section */
		92289B881E7214C4003FF1E3 /* Project object */ = {
			isa = PBXProject;
			attributes = {
				LastSwiftUpdateCheck = 0820;
				LastUpgradeCheck = 0820;
				ORGANIZATIONNAME = "Zach Govani";
				TargetAttributes = {
					92289B8F1E7214C4003FF1E3 = {
						CreatedOnToolsVersion = 8.2.1;
						DevelopmentTeam = E8WHMH2CGJ;
						ProvisioningStyle = Automatic;
					};
					92289BA31E7214C5003FF1E3 = {
						CreatedOnToolsVersion = 8.2.1;
						ProvisioningStyle = Automatic;
						TestTargetID = 92289B8F1E7214C4003FF1E3;
					};
					92289BAE1E7214C5003FF1E3 = {
						CreatedOnToolsVersion = 8.2.1;
						ProvisioningStyle = Automatic;
						TestTargetID = 92289B8F1E7214C4003FF1E3;
					};
				};
			};
			buildConfigurationList = 92289B8B1E7214C4003FF1E3 /* Build configuration list for PBXProject "Weather" */;
			compatibilityVersion = "Xcode 3.2";
			developmentRegion = English;
			hasScannedForEncodings = 0;
			knownRegions = (
				en,
				Base,
			);
			mainGroup = 92289B871E7214C4003FF1E3;
			productRefGroup = 92289B911E7214C4003FF1E3 /* Products */;
			projectDirPath = "";
			projectRoot = "";
			targets = (
				92289B8F1E7214C4003FF1E3 /* Weather */,
				92289BA31E7214C5003FF1E3 /* WeatherTests */,
				92289BAE1E7214C5003FF1E3 /* WeatherUITests */,
			);
		};
/* End PBXProject section */

/* Begin PBXResourcesBuildPhase section */
		92289B8E1E7214C4003FF1E3 /* Resources */ = {
			isa = PBXResourcesBuildPhase;
			buildActionMask = 2147483647;
			files = (
				92289B9E1E7214C5003FF1E3 /* LaunchScreen.storyboard in Resources */,
				92289B9B1E7214C5003FF1E3 /* Assets.xcassets in Resources */,
				92289B991E7214C5003FF1E3 /* Main.storyboard in Resources */,
			);
			runOnlyForDeploymentPostprocessing = 0;
		};
		92289BA21E7214C5003FF1E3 /* Resources */ = {
			isa = PBXResourcesBuildPhase;
			buildActionMask = 2147483647;
			files = (
			);
			runOnlyForDeploymentPostprocessing = 0;
		};
		92289BAD1E7214C5003FF1E3 /* Resources */ = {
			isa = PBXResourcesBuildPhase;
			buildActionMask = 2147483647;
			files = (
			);
			runOnlyForDeploymentPostprocessing = 0;
		};
/* End PBXResourcesBuildPhase section */

/* Begin PBXShellScriptBuildPhase section */
		05F7676863C17EADB8807932 /* [CP] Check Pods Manifest.lock */ = {
			isa = PBXShellScriptBuildPhase;
			buildActionMask = 2147483647;
			files = (
			);
			inputPaths = (
			);
			name = "[CP] Check Pods Manifest.lock";
			outputPaths = (
			);
			runOnlyForDeploymentPostprocessing = 0;
			shellPath = /bin/sh;
			shellScript = "diff \"${PODS_ROOT}/../Podfile.lock\" \"${PODS_ROOT}/Manifest.lock\" > /dev/null\nif [ $? != 0 ] ; then\n    # print error to STDERR\n    echo \"error: The sandbox is not in sync with the Podfile.lock. Run 'pod install' or update your CocoaPods installation.\" >&2\n    exit 1\nfi\n";
			showEnvVarsInLog = 0;
		};
		11DA91EDEB2523755916194F /* [CP] Check Pods Manifest.lock */ = {
			isa = PBXShellScriptBuildPhase;
			buildActionMask = 2147483647;
			files = (
			);
			inputPaths = (
			);
			name = "[CP] Check Pods Manifest.lock";
			outputPaths = (
			);
			runOnlyForDeploymentPostprocessing = 0;
			shellPath = /bin/sh;
			shellScript = "diff \"${PODS_ROOT}/../Podfile.lock\" \"${PODS_ROOT}/Manifest.lock\" > /dev/null\nif [ $? != 0 ] ; then\n    # print error to STDERR\n    echo \"error: The sandbox is not in sync with the Podfile.lock. Run 'pod install' or update your CocoaPods installation.\" >&2\n    exit 1\nfi\n";
			showEnvVarsInLog = 0;
		};
		23CA5BDEB925A220F58A9EC5 /* [CP] Embed Pods Frameworks */ = {
			isa = PBXShellScriptBuildPhase;
			buildActionMask = 2147483647;
			files = (
			);
			inputPaths = (
			);
			name = "[CP] Embed Pods Frameworks";
			outputPaths = (
			);
			runOnlyForDeploymentPostprocessing = 0;
			shellPath = /bin/sh;
			shellScript = "\"${SRCROOT}/Pods/Target Support Files/Pods-WeatherTests/Pods-WeatherTests-frameworks.sh\"\n";
			showEnvVarsInLog = 0;
		};
		268C8DB9A488E019B4DAEE43 /* [CP] Copy Pods Resources */ = {
			isa = PBXShellScriptBuildPhase;
			buildActionMask = 2147483647;
			files = (
			);
			inputPaths = (
			);
			name = "[CP] Copy Pods Resources";
			outputPaths = (
			);
			runOnlyForDeploymentPostprocessing = 0;
			shellPath = /bin/sh;
			shellScript = "\"${SRCROOT}/Pods/Target Support Files/Pods-WeatherTests/Pods-WeatherTests-resources.sh\"\n";
			showEnvVarsInLog = 0;
		};
		35B1BF6E160D0510BCA318AA /* [CP] Check Pods Manifest.lock */ = {
			isa = PBXShellScriptBuildPhase;
			buildActionMask = 2147483647;
			files = (
			);
			inputPaths = (
			);
			name = "[CP] Check Pods Manifest.lock";
			outputPaths = (
			);
			runOnlyForDeploymentPostprocessing = 0;
			shellPath = /bin/sh;
			shellScript = "diff \"${PODS_ROOT}/../Podfile.lock\" \"${PODS_ROOT}/Manifest.lock\" > /dev/null\nif [ $? != 0 ] ; then\n    # print error to STDERR\n    echo \"error: The sandbox is not in sync with the Podfile.lock. Run 'pod install' or update your CocoaPods installation.\" >&2\n    exit 1\nfi\n";
			showEnvVarsInLog = 0;
		};
		36C3494DDE3BBB8FBEAE6113 /* [CP] Copy Pods Resources */ = {
			isa = PBXShellScriptBuildPhase;
			buildActionMask = 2147483647;
			files = (
			);
			inputPaths = (
			);
			name = "[CP] Copy Pods Resources";
			outputPaths = (
			);
			runOnlyForDeploymentPostprocessing = 0;
			shellPath = /bin/sh;
			shellScript = "\"${SRCROOT}/Pods/Target Support Files/Pods-Weather/Pods-Weather-resources.sh\"\n";
			showEnvVarsInLog = 0;
		};
		6E7A6422D43D9B0D25ABC82F /* [CP] Copy Pods Resources */ = {
			isa = PBXShellScriptBuildPhase;
			buildActionMask = 2147483647;
			files = (
			);
			inputPaths = (
			);
			name = "[CP] Copy Pods Resources";
			outputPaths = (
			);
			runOnlyForDeploymentPostprocessing = 0;
			shellPath = /bin/sh;
			shellScript = "\"${SRCROOT}/Pods/Target Support Files/Pods-WeatherUITests/Pods-WeatherUITests-resources.sh\"\n";
			showEnvVarsInLog = 0;
		};
		B2969921A249B40AAB0BFC34 /* [CP] Embed Pods Frameworks */ = {
			isa = PBXShellScriptBuildPhase;
			buildActionMask = 2147483647;
			files = (
			);
			inputPaths = (
			);
			name = "[CP] Embed Pods Frameworks";
			outputPaths = (
			);
			runOnlyForDeploymentPostprocessing = 0;
			shellPath = /bin/sh;
			shellScript = "\"${SRCROOT}/Pods/Target Support Files/Pods-WeatherUITests/Pods-WeatherUITests-frameworks.sh\"\n";
			showEnvVarsInLog = 0;
		};
		D65D302530EAEDF4BF985C70 /* [CP] Embed Pods Frameworks */ = {
			isa = PBXShellScriptBuildPhase;
			buildActionMask = 2147483647;
			files = (
			);
			inputPaths = (
			);
			name = "[CP] Embed Pods Frameworks";
			outputPaths = (
			);
			runOnlyForDeploymentPostprocessing = 0;
			shellPath = /bin/sh;
			shellScript = "\"${SRCROOT}/Pods/Target Support Files/Pods-Weather/Pods-Weather-frameworks.sh\"\n";
			showEnvVarsInLog = 0;
		};
/* End PBXShellScriptBuildPhase section */

/* Begin PBXSourcesBuildPhase section */
		92289B8C1E7214C4003FF1E3 /* Sources */ = {
			isa = PBXSourcesBuildPhase;
			buildActionMask = 2147483647;
			files = (
				92289BC41E72162E003FF1E3 /* PlaceLoader.swift in Sources */,
				92289BC21E721613003FF1E3 /* Place.swift in Sources */,
				92289B961E7214C4003FF1E3 /* ViewController.swift in Sources */,
				92289B941E7214C4003FF1E3 /* AppDelegate.swift in Sources */,
			);
			runOnlyForDeploymentPostprocessing = 0;
		};
		92289BA01E7214C5003FF1E3 /* Sources */ = {
			isa = PBXSourcesBuildPhase;
			buildActionMask = 2147483647;
			files = (
				92289BA91E7214C5003FF1E3 /* WeatherTests.swift in Sources */,
			);
			runOnlyForDeploymentPostprocessing = 0;
		};
		92289BAB1E7214C5003FF1E3 /* Sources */ = {
			isa = PBXSourcesBuildPhase;
			buildActionMask = 2147483647;
			files = (
				92289BB41E7214C5003FF1E3 /* WeatherUITests.swift in Sources */,
			);
			runOnlyForDeploymentPostprocessing = 0;
		};
/* End PBXSourcesBuildPhase section */

/* Begin PBXTargetDependency section */
		92289BA61E7214C5003FF1E3 /* PBXTargetDependency */ = {
			isa = PBXTargetDependency;
			target = 92289B8F1E7214C4003FF1E3 /* Weather */;
			targetProxy = 92289BA51E7214C5003FF1E3 /* PBXContainerItemProxy */;
		};
		92289BB11E7214C5003FF1E3 /* PBXTargetDependency */ = {
			isa = PBXTargetDependency;
			target = 92289B8F1E7214C4003FF1E3 /* Weather */;
			targetProxy = 92289BB01E7214C5003FF1E3 /* PBXContainerItemProxy */;
		};
/* End PBXTargetDependency section */

/* Begin PBXVariantGroup section */
		92289B971E7214C4003FF1E3 /* Main.storyboard */ = {
			isa = PBXVariantGroup;
			children = (
				92289B981E7214C4003FF1E3 /* Base */,
			);
			name = Main.storyboard;
			sourceTree = "<group>";
		};
		92289B9C1E7214C5003FF1E3 /* LaunchScreen.storyboard */ = {
			isa = PBXVariantGroup;
			children = (
				92289B9D1E7214C5003FF1E3 /* Base */,
			);
			name = LaunchScreen.storyboard;
			sourceTree = "<group>";
		};
/* End PBXVariantGroup section */

/* Begin XCBuildConfiguration section */
		92289BB61E7214C5003FF1E3 /* Debug */ = {
			isa = XCBuildConfiguration;
			buildSettings = {
				ALWAYS_SEARCH_USER_PATHS = NO;
				CLANG_ANALYZER_NONNULL = YES;
				CLANG_CXX_LANGUAGE_STANDARD = "gnu++0x";
				CLANG_CXX_LIBRARY = "libc++";
				CLANG_ENABLE_MODULES = YES;
				CLANG_ENABLE_OBJC_ARC = YES;
				CLANG_WARN_BOOL_CONVERSION = YES;
				CLANG_WARN_CONSTANT_CONVERSION = YES;
				CLANG_WARN_DIRECT_OBJC_ISA_USAGE = YES_ERROR;
				CLANG_WARN_DOCUMENTATION_COMMENTS = YES;
				CLANG_WARN_EMPTY_BODY = YES;
				CLANG_WARN_ENUM_CONVERSION = YES;
				CLANG_WARN_INFINITE_RECURSION = YES;
				CLANG_WARN_INT_CONVERSION = YES;
				CLANG_WARN_OBJC_ROOT_CLASS = YES_ERROR;
				CLANG_WARN_SUSPICIOUS_MOVE = YES;
				CLANG_WARN_UNREACHABLE_CODE = YES;
				CLANG_WARN__DUPLICATE_METHOD_MATCH = YES;
				"CODE_SIGN_IDENTITY[sdk=iphoneos*]" = "iPhone Developer";
				COPY_PHASE_STRIP = NO;
				DEBUG_INFORMATION_FORMAT = dwarf;
				ENABLE_STRICT_OBJC_MSGSEND = YES;
				ENABLE_TESTABILITY = YES;
				GCC_C_LANGUAGE_STANDARD = gnu99;
				GCC_DYNAMIC_NO_PIC = NO;
				GCC_NO_COMMON_BLOCKS = YES;
				GCC_OPTIMIZATION_LEVEL = 0;
				GCC_PREPROCESSOR_DEFINITIONS = (
					"DEBUG=1",
					"$(inherited)",
				);
				GCC_WARN_64_TO_32_BIT_CONVERSION = YES;
				GCC_WARN_ABOUT_RETURN_TYPE = YES_ERROR;
				GCC_WARN_UNDECLARED_SELECTOR = YES;
				GCC_WARN_UNINITIALIZED_AUTOS = YES_AGGRESSIVE;
				GCC_WARN_UNUSED_FUNCTION = YES;
				GCC_WARN_UNUSED_VARIABLE = YES;
				IPHONEOS_DEPLOYMENT_TARGET = 10.2;
				MTL_ENABLE_DEBUG_INFO = YES;
				ONLY_ACTIVE_ARCH = YES;
				SDKROOT = iphoneos;
				SWIFT_ACTIVE_COMPILATION_CONDITIONS = DEBUG;
				SWIFT_OPTIMIZATION_LEVEL = "-Onone";
			};
			name = Debug;
		};
		92289BB71E7214C5003FF1E3 /* Release */ = {
			isa = XCBuildConfiguration;
			buildSettings = {
				ALWAYS_SEARCH_USER_PATHS = NO;
				CLANG_ANALYZER_NONNULL = YES;
				CLANG_CXX_LANGUAGE_STANDARD = "gnu++0x";
				CLANG_CXX_LIBRARY = "libc++";
				CLANG_ENABLE_MODULES = YES;
				CLANG_ENABLE_OBJC_ARC = YES;
				CLANG_WARN_BOOL_CONVERSION = YES;
				CLANG_WARN_CONSTANT_CONVERSION = YES;
				CLANG_WARN_DIRECT_OBJC_ISA_USAGE = YES_ERROR;
				CLANG_WARN_DOCUMENTATION_COMMENTS = YES;
				CLANG_WARN_EMPTY_BODY = YES;
				CLANG_WARN_ENUM_CONVERSION = YES;
				CLANG_WARN_INFINITE_RECURSION = YES;
				CLANG_WARN_INT_CONVERSION = YES;
				CLANG_WARN_OBJC_ROOT_CLASS = YES_ERROR;
				CLANG_WARN_SUSPICIOUS_MOVE = YES;
				CLANG_WARN_UNREACHABLE_CODE = YES;
				CLANG_WARN__DUPLICATE_METHOD_MATCH = YES;
				"CODE_SIGN_IDENTITY[sdk=iphoneos*]" = "iPhone Developer";
				COPY_PHASE_STRIP = NO;
				DEBUG_INFORMATION_FORMAT = "dwarf-with-dsym";
				ENABLE_NS_ASSERTIONS = NO;
				ENABLE_STRICT_OBJC_MSGSEND = YES;
				GCC_C_LANGUAGE_STANDARD = gnu99;
				GCC_NO_COMMON_BLOCKS = YES;
				GCC_WARN_64_TO_32_BIT_CONVERSION = YES;
				GCC_WARN_ABOUT_RETURN_TYPE = YES_ERROR;
				GCC_WARN_UNDECLARED_SELECTOR = YES;
				GCC_WARN_UNINITIALIZED_AUTOS = YES_AGGRESSIVE;
				GCC_WARN_UNUSED_FUNCTION = YES;
				GCC_WARN_UNUSED_VARIABLE = YES;
				IPHONEOS_DEPLOYMENT_TARGET = 10.2;
				MTL_ENABLE_DEBUG_INFO = NO;
				SDKROOT = iphoneos;
				SWIFT_OPTIMIZATION_LEVEL = "-Owholemodule";
				VALIDATE_PRODUCT = YES;
			};
			name = Release;
		};
		92289BB91E7214C5003FF1E3 /* Debug */ = {
			isa = XCBuildConfiguration;
			baseConfigurationReference = 2174606817C5B03D1E978FE6 /* Pods-Weather.debug.xcconfig */;
			buildSettings = {
				ASSETCATALOG_COMPILER_APPICON_NAME = AppIcon;
				DEVELOPMENT_TEAM = E8WHMH2CGJ;
				INFOPLIST_FILE = Weather/Info.plist;
				LD_RUNPATH_SEARCH_PATHS = "$(inherited) @executable_path/Frameworks";
				PRODUCT_BUNDLE_IDENTIFIER = com.zach.Weather;
				PRODUCT_NAME = "$(TARGET_NAME)";
				SWIFT_VERSION = 3.0;
			};
			name = Debug;
		};
		92289BBA1E7214C5003FF1E3 /* Release */ = {
			isa = XCBuildConfiguration;
			baseConfigurationReference = 471D2A880107110F9D041787 /* Pods-Weather.release.xcconfig */;
			buildSettings = {
				ASSETCATALOG_COMPILER_APPICON_NAME = AppIcon;
				DEVELOPMENT_TEAM = E8WHMH2CGJ;
				INFOPLIST_FILE = Weather/Info.plist;
				LD_RUNPATH_SEARCH_PATHS = "$(inherited) @executable_path/Frameworks";
				PRODUCT_BUNDLE_IDENTIFIER = com.zach.Weather;
				PRODUCT_NAME = "$(TARGET_NAME)";
				SWIFT_VERSION = 3.0;
			};
			name = Release;
		};
		92289BBC1E7214C5003FF1E3 /* Debug */ = {
			isa = XCBuildConfiguration;
			baseConfigurationReference = 629BF0838F02229554506F85 /* Pods-WeatherTests.debug.xcconfig */;
			buildSettings = {
				ALWAYS_EMBED_SWIFT_STANDARD_LIBRARIES = YES;
				BUNDLE_LOADER = "$(TEST_HOST)";
				INFOPLIST_FILE = WeatherTests/Info.plist;
				LD_RUNPATH_SEARCH_PATHS = "$(inherited) @executable_path/Frameworks @loader_path/Frameworks";
				PRODUCT_BUNDLE_IDENTIFIER = com.zach.WeatherTests;
				PRODUCT_NAME = "$(TARGET_NAME)";
				SWIFT_VERSION = 3.0;
				TEST_HOST = "$(BUILT_PRODUCTS_DIR)/Weather.app/Weather";
			};
			name = Debug;
		};
		92289BBD1E7214C5003FF1E3 /* Release */ = {
			isa = XCBuildConfiguration;
			baseConfigurationReference = D591AE33804C31D982DF97C4 /* Pods-WeatherTests.release.xcconfig */;
			buildSettings = {
				ALWAYS_EMBED_SWIFT_STANDARD_LIBRARIES = YES;
				BUNDLE_LOADER = "$(TEST_HOST)";
				INFOPLIST_FILE = WeatherTests/Info.plist;
				LD_RUNPATH_SEARCH_PATHS = "$(inherited) @executable_path/Frameworks @loader_path/Frameworks";
				PRODUCT_BUNDLE_IDENTIFIER = com.zach.WeatherTests;
				PRODUCT_NAME = "$(TARGET_NAME)";
				SWIFT_VERSION = 3.0;
				TEST_HOST = "$(BUILT_PRODUCTS_DIR)/Weather.app/Weather";
			};
			name = Release;
		};
		92289BBF1E7214C5003FF1E3 /* Debug */ = {
			isa = XCBuildConfiguration;
			baseConfigurationReference = 33547B5E994386AECC765521 /* Pods-WeatherUITests.debug.xcconfig */;
			buildSettings = {
				ALWAYS_EMBED_SWIFT_STANDARD_LIBRARIES = YES;
				INFOPLIST_FILE = WeatherUITests/Info.plist;
				LD_RUNPATH_SEARCH_PATHS = "$(inherited) @executable_path/Frameworks @loader_path/Frameworks";
				PRODUCT_BUNDLE_IDENTIFIER = com.zach.WeatherUITests;
				PRODUCT_NAME = "$(TARGET_NAME)";
				SWIFT_VERSION = 3.0;
				TEST_TARGET_NAME = Weather;
			};
			name = Debug;
		};
		92289BC01E7214C5003FF1E3 /* Release */ = {
			isa = XCBuildConfiguration;
			baseConfigurationReference = 07E9E9FD6BF3C63824219CEE /* Pods-WeatherUITests.release.xcconfig */;
			buildSettings = {
				ALWAYS_EMBED_SWIFT_STANDARD_LIBRARIES = YES;
				INFOPLIST_FILE = WeatherUITests/Info.plist;
				LD_RUNPATH_SEARCH_PATHS = "$(inherited) @executable_path/Frameworks @loader_path/Frameworks";
				PRODUCT_BUNDLE_IDENTIFIER = com.zach.WeatherUITests;
				PRODUCT_NAME = "$(TARGET_NAME)";
				SWIFT_VERSION = 3.0;
				TEST_TARGET_NAME = Weather;
			};
			name = Release;
		};
/* End XCBuildConfiguration section */

/* Begin XCConfigurationList section */
		92289B8B1E7214C4003FF1E3 /* Build configuration list for PBXProject "Weather" */ = {
			isa = XCConfigurationList;
			buildConfigurations = (
				92289BB61E7214C5003FF1E3 /* Debug */,
				92289BB71E7214C5003FF1E3 /* Release */,
			);
			defaultConfigurationIsVisible = 0;
			defaultConfigurationName = Release;
		};
		92289BB81E7214C5003FF1E3 /* Build configuration list for PBXNativeTarget "Weather" */ = {
			isa = XCConfigurationList;
			buildConfigurations = (
				92289BB91E7214C5003FF1E3 /* Debug */,
				92289BBA1E7214C5003FF1E3 /* Release */,
			);
			defaultConfigurationIsVisible = 0;
		};
		92289BBB1E7214C5003FF1E3 /* Build configuration list for PBXNativeTarget "WeatherTests" */ = {
			isa = XCConfigurationList;
			buildConfigurations = (
				92289BBC1E7214C5003FF1E3 /* Debug */,
				92289BBD1E7214C5003FF1E3 /* Release */,
			);
			defaultConfigurationIsVisible = 0;
		};
		92289BBE1E7214C5003FF1E3 /* Build configuration list for PBXNativeTarget "WeatherUITests" */ = {
			isa = XCConfigurationList;
			buildConfigurations = (
				92289BBF1E7214C5003FF1E3 /* Debug */,
				92289BC01E7214C5003FF1E3 /* Release */,
			);
			defaultConfigurationIsVisible = 0;
		};
/* End XCConfigurationList section */
	};
	rootObject = 92289B881E7214C4003FF1E3 /* Project object */;
}
